
Microsoft Visual Studio Solution File, Format Version 12.00
# Visual Studio 15
VisualStudioVersion = 15.0.28010.2041
MinimumVisualStudioVersion = 10.0.40219.1
Project("{FAE04EC0-301F-11D3-BF4B-00C04F79EFBC}") = "PROGRESS_BS", "PROGRESS_BS\PROGRESS_BS.csproj", "{D3FA3028-8324-45EB-B2E7-0D841006AEE3}"
EndProject
Global
	GlobalSection(SolutionConfigurationPlatforms) = preSolution
		Debug|Any CPU = Debug|Any CPU
		Release|Any CPU = Release|Any CPU
	EndGlobalSection
	GlobalSection(ProjectConfigurationPlatforms) = postSolution
		{D3FA3028-8324-45EB-B2E7-0D841006AEE3}.Debug|Any CPU.ActiveCfg = Debug|Any CPU
		{D3FA3028-8324-45EB-B2E7-0D841006AEE3}.Debug|Any CPU.Build.0 = Debug|Any CPU
		{D3FA3028-8324-45EB-B2E7-0D841006AEE3}.Release|Any CPU.ActiveCfg = Release|Any CPU
		{D3FA3028-8324-45EB-B2E7-0D841006AEE3}.Release|Any CPU.Build.0 = Release|Any CPU
	EndGlobalSection
	GlobalSection(SolutionProperties) = preSolution
		HideSolutionNode = FALSE
	EndGlobalSection
	GlobalSection(ExtensibilityGlobals) = postSolution
		SolutionGuid = {105A86C2-DC75-4784-8FC6-B92A931EE82E}
	EndGlobalSection
EndGlobal
