
Microsoft Visual Studio Solution File, Format Version 10.00
# Visual Studio 2008
Project("{E24C65DC-7377-472B-9ABA-BC803B73C61A}") = "SUPER", ".", "{2AC1B6BB-9657-4037-810B-7C24E812B81E}"
	ProjectSection(WebsiteProperties) = preProject
		TargetFramework = "3.5"
		Debug.AspNetCompiler.VirtualPath = "/SUPER"
		Debug.AspNetCompiler.PhysicalPath = "..\SUPER\"
		Debug.AspNetCompiler.TargetPath = "PrecompiledWeb\SUPER\"
		Debug.AspNetCompiler.Updateable = "true"
		Debug.AspNetCompiler.ForceOverwrite = "true"
		Debug.AspNetCompiler.FixedNames = "false"
		Debug.AspNetCompiler.Debug = "True"
		Release.AspNetCompiler.VirtualPath = "/SUPER"
		Release.AspNetCompiler.PhysicalPath = "..\SUPER\"
		Release.AspNetCompiler.TargetPath = "PrecompiledWeb\SUPER\"
		Release.AspNetCompiler.Updateable = "true"
		Release.AspNetCompiler.ForceOverwrite = "true"
		Release.AspNetCompiler.FixedNames = "false"
		Release.AspNetCompiler.Debug = "False"
		VWDPort = "56678"
	EndProjectSection
EndProject
Global
	GlobalSection(SolutionConfigurationPlatforms) = preSolution
		Debug|Any CPU = Debug|Any CPU
	EndGlobalSection
	GlobalSection(ProjectConfigurationPlatforms) = postSolution
		{2AC1B6BB-9657-4037-810B-7C24E812B81E}.Debug|Any CPU.ActiveCfg = Debug|Any CPU
		{2AC1B6BB-9657-4037-810B-7C24E812B81E}.Debug|Any CPU.Build.0 = Debug|Any CPU
	EndGlobalSection
	GlobalSection(SolutionProperties) = preSolution
		HideSolutionNode = FALSE
	EndGlobalSection
EndGlobal
